{
    "_meta": {
        "hash": {
            "sha256": "4f09c63fa60911b5f670adf9c438361f710616c7301e83d822ec58263c443b5b"
        },
        "pipfile-spec": 6,
        "requires": {
            "python_version": "3.8"
        },
        "sources": [
            {
                "name": "pypi",
                "url": "https://pypi.org/simple",
                "verify_ssl": true
            }
        ]
    },
    "default": {
        "evdev": {
            "hashes": [
                "sha256:b1c649b4fed7252711011da235782b2c260b32e004058d62473471e5cd30634d"
            ],
            "index": "pypi",
            "version": "==1.3.0"
        },
        "smbus2": {
            "hashes": [
                "sha256:210e66eebe4d0b1fe836b3ec2751841942e1c4918c0b429b20a0e20a222228b4"
            ],
            "index": "pypi",
            "version": "==0.3.0"
        },
        "yrk-oo": {
            "editable": true,
            "git": "https://github.com/MageJohn/yrk-oo.git",
            "ref": "141cd808b5b86421321240fa2b29582af2acb69d"
        }
    },
    "develop": {}
}
